
Microsoft Visual Studio Solution File, Format Version 12.00
# Visual Studio Version 16
VisualStudioVersion = 16.0.29709.97
MinimumVisualStudioVersion = 10.0.40219.1
Project("{FAE04EC0-301F-11D3-BF4B-00C04F79EFBC}") = "WebApplicationMVC", "WebApplicationMVC.csproj", "{78F83BAC-1044-452F-8D42-AE909519CD5B}"
EndProject
Global
	GlobalSection(SolutionConfigurationPlatforms) = preSolution
		Debug|Any CPU = Debug|Any CPU
		Release|Any CPU = Release|Any CPU
	EndGlobalSection
	GlobalSection(ProjectConfigurationPlatforms) = postSolution
		{78F83BAC-1044-452F-8D42-AE909519CD5B}.Debug|Any CPU.ActiveCfg = Debug|Any CPU
		{78F83BAC-1044-452F-8D42-AE909519CD5B}.Debug|Any CPU.Build.0 = Debug|Any CPU
		{78F83BAC-1044-452F-8D42-AE909519CD5B}.Release|Any CPU.ActiveCfg = Release|Any CPU
		{78F83BAC-1044-452F-8D42-AE909519CD5B}.Release|Any CPU.Build.0 = Release|Any CPU
	EndGlobalSection
	GlobalSection(SolutionProperties) = preSolution
		HideSolutionNode = FALSE
	EndGlobalSection
	GlobalSection(ExtensibilityGlobals) = postSolution
		SolutionGuid = {1BCD7091-DF0D-40F7-9A79-59B5D07E585D}
	EndGlobalSection
EndGlobal
